Microsoft Visual Studio Solution File, Format Version 12.00
# Visual Studio Version 17
VisualStudioVersion = 17.8.0.0
MinimumVisualStudioVersion = 17.8.0.0
Project("{9A19103F-16F7-4668-BE54-9A1E7A4F7556}") = "OpenWish.AppHost", "OpenWish.AppHost\OpenWish.AppHost.csproj", "{54FB2584-6CD0-4FFB-B742-89E11FFBCD44}"
EndProject
Project("{9A19103F-16F7-4668-BE54-9A1E7A4F7556}") = "OpenWish.ServiceDefaults", "OpenWish.ServiceDefaults\OpenWish.ServiceDefaults.csproj", "{25FEC7F7-3773-4F00-826C-C639F9D3B922}"
EndProject
Project("{9A19103F-16F7-4668-BE54-9A1E7A4F7556}") = "OpenWish.ApiService", "OpenWish.ApiService\OpenWish.ApiService.csproj", "{C9297535-12AB-491A-A703-FCFF3A0A22B2}"
EndProject
Project("{9A19103F-16F7-4668-BE54-9A1E7A4F7556}") = "OpenWish.Web", "OpenWish.Web\OpenWish.Web.csproj", "{35F0D670-3C77-472A-83DA-2D7CCBA17A5C}"
EndProject
Project("{2150E333-8FDC-42A3-9474-1A3956D46DE8}") = ".build", ".build", "{B105AD27-7D89-4A9B-B1A7-F93966A96DDE}"
	ProjectSection(SolutionItems) = preProject
		Directory.Packages.props = Directory.Packages.props
		Directory.Build.props = Directory.Build.props
	EndProjectSection
EndProject
Global
	GlobalSection(SolutionConfigurationPlatforms) = preSolution
		Debug|Any CPU = Debug|Any CPU
		Release|Any CPU = Release|Any CPU
	EndGlobalSection
	GlobalSection(ProjectConfigurationPlatforms) = postSolution
		{54FB2584-6CD0-4FFB-B742-89E11FFBCD44}.Debug|Any CPU.ActiveCfg = Debug|Any CPU
		{54FB2584-6CD0-4FFB-B742-89E11FFBCD44}.Debug|Any CPU.Build.0 = Debug|Any CPU
		{54FB2584-6CD0-4FFB-B742-89E11FFBCD44}.Release|Any CPU.ActiveCfg = Release|Any CPU
		{54FB2584-6CD0-4FFB-B742-89E11FFBCD44}.Release|Any CPU.Build.0 = Release|Any CPU
		{25FEC7F7-3773-4F00-826C-C639F9D3B922}.Debug|Any CPU.ActiveCfg = Debug|Any CPU
		{25FEC7F7-3773-4F00-826C-C639F9D3B922}.Debug|Any CPU.Build.0 = Debug|Any CPU
		{25FEC7F7-3773-4F00-826C-C639F9D3B922}.Release|Any CPU.ActiveCfg = Release|Any CPU
		{25FEC7F7-3773-4F00-826C-C639F9D3B922}.Release|Any CPU.Build.0 = Release|Any CPU
		{C9297535-12AB-491A-A703-FCFF3A0A22B2}.Debug|Any CPU.ActiveCfg = Debug|Any CPU
		{C9297535-12AB-491A-A703-FCFF3A0A22B2}.Debug|Any CPU.Build.0 = Debug|Any CPU
		{C9297535-12AB-491A-A703-FCFF3A0A22B2}.Release|Any CPU.ActiveCfg = Release|Any CPU
		{C9297535-12AB-491A-A703-FCFF3A0A22B2}.Release|Any CPU.Build.0 = Release|Any CPU
		{35F0D670-3C77-472A-83DA-2D7CCBA17A5C}.Debug|Any CPU.ActiveCfg = Debug|Any CPU
		{35F0D670-3C77-472A-83DA-2D7CCBA17A5C}.Debug|Any CPU.Build.0 = Debug|Any CPU
		{35F0D670-3C77-472A-83DA-2D7CCBA17A5C}.Release|Any CPU.ActiveCfg = Release|Any CPU
		{35F0D670-3C77-472A-83DA-2D7CCBA17A5C}.Release|Any CPU.Build.0 = Release|Any CPU
	EndGlobalSection
	GlobalSection(SolutionProperties) = preSolution
		HideSolutionNode = FALSE
	EndGlobalSection
	GlobalSection(ExtensibilityGlobals) = postSolution
		SolutionGuid = {17AC5DFD-FAD3-44C9-A78B-D2898D38F7C1}
	EndGlobalSection
EndGlobal
